
Microsoft Visual Studio Solution File, Format Version 12.00
# Visual Studio Version 16
VisualStudioVersion = 16.0.31702.278
MinimumVisualStudioVersion = 10.0.40219.1
Project("{FAE04EC0-301F-11D3-BF4B-00C04F79EFBC}") = "ClassDemo2021ForWhile", "ClassDemo2021ForWhile\ClassDemo2021ForWhile.csproj", "{2D5C0E79-D17D-4B3D-999D-4E95347A2B80}"
EndProject
Global
	GlobalSection(SolutionConfigurationPlatforms) = preSolution
		Debug|Any CPU = Debug|Any CPU
		Release|Any CPU = Release|Any CPU
	EndGlobalSection
	GlobalSection(ProjectConfigurationPlatforms) = postSolution
		{2D5C0E79-D17D-4B3D-999D-4E95347A2B80}.Debug|Any CPU.ActiveCfg = Debug|Any CPU
		{2D5C0E79-D17D-4B3D-999D-4E95347A2B80}.Debug|Any CPU.Build.0 = Debug|Any CPU
		{2D5C0E79-D17D-4B3D-999D-4E95347A2B80}.Release|Any CPU.ActiveCfg = Release|Any CPU
		{2D5C0E79-D17D-4B3D-999D-4E95347A2B80}.Release|Any CPU.Build.0 = Release|Any CPU
	EndGlobalSection
	GlobalSection(SolutionProperties) = preSolution
		HideSolutionNode = FALSE
	EndGlobalSection
	GlobalSection(ExtensibilityGlobals) = postSolution
		SolutionGuid = {306A305D-44D6-4914-BB91-E5F71ECFC70F}
	EndGlobalSection
EndGlobal
